
Microsoft Visual Studio Solution File, Format Version 12.00
# Visual Studio Version 17
VisualStudioVersion = 17.14.36511.14 d17.14
MinimumVisualStudioVersion = 10.0.40219.1
Project("{FAE04EC0-301F-11D3-BF4B-00C04F79EFBC}") = "Phần Mềm Quản Lí Quản Cafe", "Phần Mềm Quản Lí Quản Cafe.csproj", "{F654DB3D-9A9A-4549-A877-27D18D2F15A3}"
EndProject
Global
	GlobalSection(SolutionConfigurationPlatforms) = preSolution
		Debug|Any CPU = Debug|Any CPU
		Release|Any CPU = Release|Any CPU
	EndGlobalSection
	GlobalSection(ProjectConfigurationPlatforms) = postSolution
		{F654DB3D-9A9A-4549-A877-27D18D2F15A3}.Debug|Any CPU.ActiveCfg = Debug|Any CPU
		{F654DB3D-9A9A-4549-A877-27D18D2F15A3}.Debug|Any CPU.Build.0 = Debug|Any CPU
		{F654DB3D-9A9A-4549-A877-27D18D2F15A3}.Release|Any CPU.ActiveCfg = Release|Any CPU
		{F654DB3D-9A9A-4549-A877-27D18D2F15A3}.Release|Any CPU.Build.0 = Release|Any CPU
	EndGlobalSection
	GlobalSection(SolutionProperties) = preSolution
		HideSolutionNode = FALSE
	EndGlobalSection
	GlobalSection(ExtensibilityGlobals) = postSolution
		SolutionGuid = {3801B94D-31FE-4B02-A8DC-A0DD60B2003C}
	EndGlobalSection
EndGlobal
